{
    "version": "0.5",
    "requires": [
        "spdlog/1.15.3#3ca0e9e6b83af4d0151e26541d140c86%1748617970.519",
        "gtest/1.16.0#4fd8d9d80636ea9504de6a0ec1ab8686%1743410803.513",
        "fmt/11.2.0#579bb2cdf4a7607621beea4eb4651e0f%1746298708.362"
    ],
    "build_requires": [],
    "python_requires": [],
    "config_requires": []
}