# This file is generated by running "yarn install" inside your project.
# Manual changes might be lost - proceed with caution!

__metadata:
  version: 8
  cacheKey: 10c0

"@action-validator/cli@npm:0.6.0":
  version: 0.6.0
  resolution: "@action-validator/cli@npm:0.6.0"
  dependencies:
    chalk: "npm:5.2.0"
  peerDependencies:
    "@action-validator/core": 0.6.0
  bin:
    action-validator: cli.mjs
  checksum: 10c0/78d8bec3fc8a12463e2f17d93e211b2800ac8b289a996aac6116d0827db18d4b2b0bbc651aada1de53eb0a526d2c034e1151bea843b6f11b0d0b54247494c5a6
  languageName: node
  linkType: hard

"@action-validator/core@npm:0.6.0":
  version: 0.6.0
  resolution: "@action-validator/core@npm:0.6.0"
  checksum: 10c0/026967e1c3bda47b67c06f976ff427e57ec266f8b32ee2e99c8b7d1ac73fb11082622a7c2010544a220f47f4724a265ff6db4069b18cb78cce58f1e717694977
  languageName: node
  linkType: hard

"chalk@npm:5.2.0":
  version: 5.2.0
  resolution: "chalk@npm:5.2.0"
  checksum: 10c0/8a519b35c239f96e041b7f1ed8fdd79d3ca2332a8366cb957378b8a1b8a4cdfb740d19628e8bf74654d4c0917aa10cf39c20752e177a1304eac29a1168a740e9
  languageName: node
  linkType: hard

"prettier@npm:3.5.3":
  version: 3.5.3
  resolution: "prettier@npm:3.5.3"
  bin:
    prettier: bin/prettier.cjs
  checksum: 10c0/3880cb90b9dc0635819ab52ff571518c35bd7f15a6e80a2054c05dbc8a3aa6e74f135519e91197de63705bcb38388ded7e7230e2178432a1468005406238b877
  languageName: node
  linkType: hard

"root-workspace-0b6124@workspace:.":
  version: 0.0.0-use.local
  resolution: "root-workspace-0b6124@workspace:."
  dependencies:
    "@action-validator/cli": "npm:0.6.0"
    "@action-validator/core": "npm:0.6.0"
    prettier: "npm:3.5.3"
  languageName: unknown
  linkType: soft
